
Microsoft Visual Studio Solution File, Format Version 12.00
# Visual Studio Version 16
VisualStudioVersion = 16.0.33214.272
MinimumVisualStudioVersion = 10.0.40219.1
Project("{FAE04EC0-301F-11D3-BF4B-00C04F79EFBC}") = "ASP.NETMVCTutorials", "ASP.NETMVCTutorials\ASP.NETMVCTutorials.csproj", "{952E9691-CE2B-452C-AE59-0DA91268B807}"
EndProject
Project("{FAE04EC0-301F-11D3-BF4B-00C04F79EFBC}") = "AddingRememberMeFunctionality", "AddingRememberMeFunctionality\AddingRememberMeFunctionality.csproj", "{0A910FCF-8147-42EE-849D-FE93F5B50902}"
EndProject
Global
	GlobalSection(SolutionConfigurationPlatforms) = preSolution
		Debug|Any CPU = Debug|Any CPU
		Release|Any CPU = Release|Any CPU
	EndGlobalSection
	GlobalSection(ProjectConfigurationPlatforms) = postSolution
		{952E9691-CE2B-452C-AE59-0DA91268B807}.Debug|Any CPU.ActiveCfg = Debug|Any CPU
		{952E9691-CE2B-452C-AE59-0DA91268B807}.Debug|Any CPU.Build.0 = Debug|Any CPU
		{952E9691-CE2B-452C-AE59-0DA91268B807}.Release|Any CPU.ActiveCfg = Release|Any CPU
		{952E9691-CE2B-452C-AE59-0DA91268B807}.Release|Any CPU.Build.0 = Release|Any CPU
		{0A910FCF-8147-42EE-849D-FE93F5B50902}.Debug|Any CPU.ActiveCfg = Debug|Any CPU
		{0A910FCF-8147-42EE-849D-FE93F5B50902}.Debug|Any CPU.Build.0 = Debug|Any CPU
		{0A910FCF-8147-42EE-849D-FE93F5B50902}.Release|Any CPU.ActiveCfg = Release|Any CPU
		{0A910FCF-8147-42EE-849D-FE93F5B50902}.Release|Any CPU.Build.0 = Release|Any CPU
	EndGlobalSection
	GlobalSection(SolutionProperties) = preSolution
		HideSolutionNode = FALSE
	EndGlobalSection
	GlobalSection(ExtensibilityGlobals) = postSolution
		SolutionGuid = {0CCF440C-4BE2-426B-B649-2BA61D74FB67}
	EndGlobalSection
EndGlobal
